// !$*UTF8*$!
{
	archiveVersion = 1;
	classes = {
	};
	objectVersion = 55;
	objects = {

/* Begin PBXBuildFile section */
		0D1488CF2977F58E000F0832 /* APIExecuter.swift in Sources */ = {isa = PBXBuildFile; fileRef = 0D1488CE2977F58E000F0832 /* APIExecuter.swift */; };
		0D169D242976C11000EAED92 /* RegisterViewController.swift in Sources */ = {isa = PBXBuildFile; fileRef = 0D169D232976C11000EAED92 /* RegisterViewController.swift */; };
		0D1985612975516C00B8CE9A /* Event.swift in Sources */ = {isa = PBXBuildFile; fileRef = 0D1985602975516C00B8CE9A /* Event.swift */; };
		0D19856329755C4100B8CE9A /* EventCreationViewController.swift in Sources */ = {isa = PBXBuildFile; fileRef = 0D19856229755C4100B8CE9A /* EventCreationViewController.swift */; };
		0D1985672975877A00B8CE9A /* EventRow.swift in Sources */ = {isa = PBXBuildFile; fileRef = 0D1985662975877A00B8CE9A /* EventRow.swift */; };
		0DABDDA2297002B800AAA69D /* AppDelegate.swift in Sources */ = {isa = PBXBuildFile; fileRef = 0DABDDA1297002B800AAA69D /* AppDelegate.swift */; };
		0DABDDA4297002B800AAA69D /* SceneDelegate.swift in Sources */ = {isa = PBXBuildFile; fileRef = 0DABDDA3297002B800AAA69D /* SceneDelegate.swift */; };
		0DABDDA6297002B800AAA69D /* LoginViewController.swift in Sources */ = {isa = PBXBuildFile; fileRef = 0DABDDA5297002B800AAA69D /* LoginViewController.swift */; };
		0DABDDA9297002B800AAA69D /* Main.storyboard in Resources */ = {isa = PBXBuildFile; fileRef = 0DABDDA7297002B800AAA69D /* Main.storyboard */; };
		0DABDDAB297002B900AAA69D /* Assets.xcassets in Resources */ = {isa = PBXBuildFile; fileRef = 0DABDDAA297002B900AAA69D /* Assets.xcassets */; };
		0DABDDAE297002B900AAA69D /* LaunchScreen.storyboard in Resources */ = {isa = PBXBuildFile; fileRef = 0DABDDAC297002B900AAA69D /* LaunchScreen.storyboard */; };
		0DF8A1F529797B7700768FE3 /* EventsViewController.swift in Sources */ = {isa = PBXBuildFile; fileRef = 0DF8A1F429797B7700768FE3 /* EventsViewController.swift */; };
/* End PBXBuildFile section */

/* Begin PBXFileReference section */
		0D1488CE2977F58E000F0832 /* APIExecuter.swift */ = {isa = PBXFileReference; lastKnownFileType = sourcecode.swift; path = APIExecuter.swift; sourceTree = "<group>"; };
		0D169D232976C11000EAED92 /* RegisterViewController.swift */ = {isa = PBXFileReference; lastKnownFileType = sourcecode.swift; path = RegisterViewController.swift; sourceTree = "<group>"; };
		0D1985602975516C00B8CE9A /* Event.swift */ = {isa = PBXFileReference; lastKnownFileType = sourcecode.swift; path = Event.swift; sourceTree = "<group>"; };
		0D19856229755C4100B8CE9A /* EventCreationViewController.swift */ = {isa = PBXFileReference; lastKnownFileType = sourcecode.swift; path = EventCreationViewController.swift; sourceTree = "<group>"; };
		0D1985662975877A00B8CE9A /* EventRow.swift */ = {isa = PBXFileReference; lastKnownFileType = sourcecode.swift; path = EventRow.swift; sourceTree = "<group>"; };
		0DABDD9E297002B800AAA69D /* Agenda.app */ = {isa = PBXFileReference; explicitFileType = wrapper.application; includeInIndex = 0; path = Agenda.app; sourceTree = BUILT_PRODUCTS_DIR; };
		0DABDDA1297002B800AAA69D /* AppDelegate.swift */ = {isa = PBXFileReference; lastKnownFileType = sourcecode.swift; path = AppDelegate.swift; sourceTree = "<group>"; };
		0DABDDA3297002B800AAA69D /* SceneDelegate.swift */ = {isa = PBXFileReference; lastKnownFileType = sourcecode.swift; path = SceneDelegate.swift; sourceTree = "<group>"; };
		0DABDDA5297002B800AAA69D /* LoginViewController.swift */ = {isa = PBXFileReference; lastKnownFileType = sourcecode.swift; path = LoginViewController.swift; sourceTree = "<group>"; };
		0DABDDA8297002B800AAA69D /* Base */ = {isa = PBXFileReference; lastKnownFileType = file.storyboard; name = Base; path = Base.lproj/Main.storyboard; sourceTree = "<group>"; };
		0DABDDAA297002B900AAA69D /* Assets.xcassets */ = {isa = PBXFileReference; lastKnownFileType = folder.assetcatalog; path = Assets.xcassets; sourceTree = "<group>"; };
		0DABDDAD297002B900AAA69D /* Base */ = {isa = PBXFileReference; lastKnownFileType = file.storyboard; name = Base; path = Base.lproj/LaunchScreen.storyboard; sourceTree = "<group>"; };
		0DABDDAF297002B900AAA69D /* Info.plist */ = {isa = PBXFileReference; lastKnownFileType = text.plist.xml; path = Info.plist; sourceTree = "<group>"; };
		0DF8A1F429797B7700768FE3 /* EventsViewController.swift */ = {isa = PBXFileReference; lastKnownFileType = sourcecode.swift; path = EventsViewController.swift; sourceTree = "<group>"; };
/* End PBXFileReference section */

/* Begin PBXFrameworksBuildPhase section */
		0DABDD9B297002B800AAA69D /* Frameworks */ = {
			isa = PBXFrameworksBuildPhase;
			buildActionMask = 2147483647;
			files = (
			);
			runOnlyForDeploymentPostprocessing = 0;
		};
/* End PBXFrameworksBuildPhase section */

/* Begin PBXGroup section */
		0DABDD95297002B700AAA69D = {
			isa = PBXGroup;
			children = (
				0DABDDA0297002B800AAA69D /* Agenda */,
				0DABDD9F297002B800AAA69D /* Products */,
			);
			sourceTree = "<group>";
		};
		0DABDD9F297002B800AAA69D /* Products */ = {
			isa = PBXGroup;
			children = (
				0DABDD9E297002B800AAA69D /* Agenda.app */,
			);
			name = Products;
			sourceTree = "<group>";
		};
		0DABDDA0297002B800AAA69D /* Agenda */ = {
			isa = PBXGroup;
			children = (
				0DABDDA1297002B800AAA69D /* AppDelegate.swift */,
				0DABDDA3297002B800AAA69D /* SceneDelegate.swift */,
				0D169D232976C11000EAED92 /* RegisterViewController.swift */,
				0DABDDA5297002B800AAA69D /* LoginViewController.swift */,
				0D19856229755C4100B8CE9A /* EventCreationViewController.swift */,
				0DF8A1F429797B7700768FE3 /* EventsViewController.swift */,
				0DABDDA7297002B800AAA69D /* Main.storyboard */,
				0DABDDAA297002B900AAA69D /* Assets.xcassets */,
				0DABDDAC297002B900AAA69D /* LaunchScreen.storyboard */,
				0DABDDAF297002B900AAA69D /* Info.plist */,
				0D1985602975516C00B8CE9A /* Event.swift */,
				0D1985662975877A00B8CE9A /* EventRow.swift */,
				0D1488CE2977F58E000F0832 /* APIExecuter.swift */,
			);
			path = Agenda;
			sourceTree = "<group>";
		};
/* End PBXGroup section */

/* Begin PBXNativeTarget section */
		0DABDD9D297002B800AAA69D /* Agenda */ = {
			isa = PBXNativeTarget;
			buildConfigurationList = 0DABDDB2297002B900AAA69D /* Build configuration list for PBXNativeTarget "Agenda" */;
			buildPhases = (
				0DABDD9A297002B800AAA69D /* Sources */,
				0DABDD9B297002B800AAA69D /* Frameworks */,
				0DABDD9C297002B800AAA69D /* Resources */,
			);
			buildRules = (
			);
			dependencies = (
			);
			name = Agenda;
			productName = Agenda;
			productReference = 0DABDD9E297002B800AAA69D /* Agenda.app */;
			productType = "com.apple.product-type.application";
		};
/* End PBXNativeTarget section */

/* Begin PBXProject section */
		0DABDD96297002B700AAA69D /* Project object */ = {
			isa = PBXProject;
			attributes = {
				BuildIndependentTargetsInParallel = 1;
				LastSwiftUpdateCheck = 1340;
				LastUpgradeCheck = 1340;
				TargetAttributes = {
					0DABDD9D297002B800AAA69D = {
						CreatedOnToolsVersion = 13.4.1;
					};
				};
			};
			buildConfigurationList = 0DABDD99297002B700AAA69D /* Build configuration list for PBXProject "Agenda" */;
			compatibilityVersion = "Xcode 13.0";
			developmentRegion = en;
			hasScannedForEncodings = 0;
			knownRegions = (
				en,
				Base,
			);
			mainGroup = 0DABDD95297002B700AAA69D;
			productRefGroup = 0DABDD9F297002B800AAA69D /* Products */;
			projectDirPath = "";
			projectRoot = "";
			targets = (
				0DABDD9D297002B800AAA69D /* Agenda */,
			);
		};
/* End PBXProject section */

/* Begin PBXResourcesBuildPhase section */
		0DABDD9C297002B800AAA69D /* Resources */ = {
			isa = PBXResourcesBuildPhase;
			buildActionMask = 2147483647;
			files = (
				0DABDDAE297002B900AAA69D /* LaunchScreen.storyboard in Resources */,
				0DABDDAB297002B900AAA69D /* Assets.xcassets in Resources */,
				0DABDDA9297002B800AAA69D /* Main.storyboard in Resources */,
			);
			runOnlyForDeploymentPostprocessing = 0;
		};
/* End PBXResourcesBuildPhase section */

/* Begin PBXSourcesBuildPhase section */
		0DABDD9A297002B800AAA69D /* Sources */ = {
			isa = PBXSourcesBuildPhase;
			buildActionMask = 2147483647;
			files = (
				0D19856329755C4100B8CE9A /* EventCreationViewController.swift in Sources */,
				0DABDDA6297002B800AAA69D /* LoginViewController.swift in Sources */,
				0D1488CF2977F58E000F0832 /* APIExecuter.swift in Sources */,
				0D169D242976C11000EAED92 /* RegisterViewController.swift in Sources */,
				0DABDDA2297002B800AAA69D /* AppDelegate.swift in Sources */,
				0D1985672975877A00B8CE9A /* EventRow.swift in Sources */,
				0DABDDA4297002B800AAA69D /* SceneDelegate.swift in Sources */,
				0D1985612975516C00B8CE9A /* Event.swift in Sources */,
				0DF8A1F529797B7700768FE3 /* EventsViewController.swift in Sources */,
			);
			runOnlyForDeploymentPostprocessing = 0;
		};
/* End PBXSourcesBuildPhase section */

/* Begin PBXVariantGroup section */
		0DABDDA7297002B800AAA69D /* Main.storyboard */ = {
			isa = PBXVariantGroup;
			children = (
				0DABDDA8297002B800AAA69D /* Base */,
			);
			name = Main.storyboard;
			sourceTree = "<group>";
		};
		0DABDDAC297002B900AAA69D /* LaunchScreen.storyboard */ = {
			isa = PBXVariantGroup;
			children = (
				0DABDDAD297002B900AAA69D /* Base */,
			);
			name = LaunchScreen.storyboard;
			sourceTree = "<group>";
		};
/* End PBXVariantGroup section */

/* Begin XCBuildConfiguration section */
		0DABDDB0297002B900AAA69D /* Debug */ = {
			isa = XCBuildConfiguration;
			buildSettings = {
				ALWAYS_SEARCH_USER_PATHS = NO;
				CLANG_ANALYZER_NONNULL = YES;
				CLANG_ANALYZER_NUMBER_OBJECT_CONVERSION = YES_AGGRESSIVE;
				CLANG_CXX_LANGUAGE_STANDARD = "gnu++17";
				CLANG_ENABLE_MODULES = YES;
				CLANG_ENABLE_OBJC_ARC = YES;
				CLANG_ENABLE_OBJC_WEAK = YES;
				CLANG_WARN_BLOCK_CAPTURE_AUTORELEASING = YES;
				CLANG_WARN_BOOL_CONVERSION = YES;
				CLANG_WARN_COMMA = YES;
				CLANG_WARN_CONSTANT_CONVERSION = YES;
				CLANG_WARN_DEPRECATED_OBJC_IMPLEMENTATIONS = YES;
				CLANG_WARN_DIRECT_OBJC_ISA_USAGE = YES_ERROR;
				CLANG_WARN_DOCUMENTATION_COMMENTS = YES;
				CLANG_WARN_EMPTY_BODY = YES;
				CLANG_WARN_ENUM_CONVERSION = YES;
				CLANG_WARN_INFINITE_RECURSION = YES;
				CLANG_WARN_INT_CONVERSION = YES;
				CLANG_WARN_NON_LITERAL_NULL_CONVERSION = YES;
				CLANG_WARN_OBJC_IMPLICIT_RETAIN_SELF = YES;
				CLANG_WARN_OBJC_LITERAL_CONVERSION = YES;
				CLANG_WARN_OBJC_ROOT_CLASS = YES_ERROR;
				CLANG_WARN_QUOTED_INCLUDE_IN_FRAMEWORK_HEADER = YES;
				CLANG_WARN_RANGE_LOOP_ANALYSIS = YES;
				CLANG_WARN_STRICT_PROTOTYPES = YES;
				CLANG_WARN_SUSPICIOUS_MOVE = YES;
				CLANG_WARN_UNGUARDED_AVAILABILITY = YES_AGGRESSIVE;
				CLANG_WARN_UNREACHABLE_CODE = YES;
				CLANG_WARN__DUPLICATE_METHOD_MATCH = YES;
				COPY_PHASE_STRIP = NO;
				DEBUG_INFORMATION_FORMAT = dwarf;
				ENABLE_STRICT_OBJC_MSGSEND = YES;
				ENABLE_TESTABILITY = YES;
				GCC_C_LANGUAGE_STANDARD = gnu11;
				GCC_DYNAMIC_NO_PIC = NO;
				GCC_NO_COMMON_BLOCKS = YES;
				GCC_OPTIMIZATION_LEVEL = 0;
				GCC_PREPROCESSOR_DEFINITIONS = (
					"DEBUG=1",
					"$(inherited)",
				);
				GCC_WARN_64_TO_32_BIT_CONVERSION = YES;
				GCC_WARN_ABOUT_RETURN_TYPE = YES_ERROR;
				GCC_WARN_UNDECLARED_SELECTOR = YES;
				GCC_WARN_UNINITIALIZED_AUTOS = YES_AGGRESSIVE;
				GCC_WARN_UNUSED_FUNCTION = YES;
				GCC_WARN_UNUSED_VARIABLE = YES;
				IPHONEOS_DEPLOYMENT_TARGET = 15.5;
				MTL_ENABLE_DEBUG_INFO = INCLUDE_SOURCE;
				MTL_FAST_MATH = YES;
				ONLY_ACTIVE_ARCH = YES;
				SDKROOT = iphoneos;
				SWIFT_ACTIVE_COMPILATION_CONDITIONS = DEBUG;
				SWIFT_OPTIMIZATION_LEVEL = "-Onone";
			};
			name = Debug;
		};
		0DABDDB1297002B900AAA69D /* Release */ = {
			isa = XCBuildConfiguration;
			buildSettings = {
				ALWAYS_SEARCH_USER_PATHS = NO;
				CLANG_ANALYZER_NONNULL = YES;
				CLANG_ANALYZER_NUMBER_OBJECT_CONVERSION = YES_AGGRESSIVE;
				CLANG_CXX_LANGUAGE_STANDARD = "gnu++17";
				CLANG_ENABLE_MODULES = YES;
				CLANG_ENABLE_OBJC_ARC = YES;
				CLANG_ENABLE_OBJC_WEAK = YES;
				CLANG_WARN_BLOCK_CAPTURE_AUTORELEASING = YES;
				CLANG_WARN_BOOL_CONVERSION = YES;
				CLANG_WARN_COMMA = YES;
				CLANG_WARN_CONSTANT_CONVERSION = YES;
				CLANG_WARN_DEPRECATED_OBJC_IMPLEMENTATIONS = YES;
				CLANG_WARN_DIRECT_OBJC_ISA_USAGE = YES_ERROR;
				CLANG_WARN_DOCUMENTATION_COMMENTS = YES;
				CLANG_WARN_EMPTY_BODY = YES;
				CLANG_WARN_ENUM_CONVERSION = YES;
				CLANG_WARN_INFINITE_RECURSION = YES;
				CLANG_WARN_INT_CONVERSION = YES;
				CLANG_WARN_NON_LITERAL_NULL_CONVERSION = YES;
				CLANG_WARN_OBJC_IMPLICIT_RETAIN_SELF = YES;
				CLANG_WARN_OBJC_LITERAL_CONVERSION = YES;
				CLANG_WARN_OBJC_ROOT_CLASS = YES_ERROR;
				CLANG_WARN_QUOTED_INCLUDE_IN_FRAMEWORK_HEADER = YES;
				CLANG_WARN_RANGE_LOOP_ANALYSIS = YES;
				CLANG_WARN_STRICT_PROTOTYPES = YES;
				CLANG_WARN_SUSPICIOUS_MOVE = YES;
				CLANG_WARN_UNGUARDED_AVAILABILITY = YES_AGGRESSIVE;
				CLANG_WARN_UNREACHABLE_CODE = YES;
				CLANG_WARN__DUPLICATE_METHOD_MATCH = YES;
				COPY_PHASE_STRIP = NO;
				DEBUG_INFORMATION_FORMAT = "dwarf-with-dsym";
				ENABLE_NS_ASSERTIONS = NO;
				ENABLE_STRICT_OBJC_MSGSEND = YES;
				GCC_C_LANGUAGE_STANDARD = gnu11;
				GCC_NO_COMMON_BLOCKS = YES;
				GCC_WARN_64_TO_32_BIT_CONVERSION = YES;
				GCC_WARN_ABOUT_RETURN_TYPE = YES_ERROR;
				GCC_WARN_UNDECLARED_SELECTOR = YES;
				GCC_WARN_UNINITIALIZED_AUTOS = YES_AGGRESSIVE;
				GCC_WARN_UNUSED_FUNCTION = YES;
				GCC_WARN_UNUSED_VARIABLE = YES;
				IPHONEOS_DEPLOYMENT_TARGET = 15.5;
				MTL_ENABLE_DEBUG_INFO = NO;
				MTL_FAST_MATH = YES;
				SDKROOT = iphoneos;
				SWIFT_COMPILATION_MODE = wholemodule;
				SWIFT_OPTIMIZATION_LEVEL = "-O";
				VALIDATE_PRODUCT = YES;
			};
			name = Release;
		};
		0DABDDB3297002B900AAA69D /* Debug */ = {
			isa = XCBuildConfiguration;
			buildSettings = {
				ASSETCATALOG_COMPILER_APPICON_NAME = AppIcon;
				ASSETCATALOG_COMPILER_GLOBAL_ACCENT_COLOR_NAME = AccentColor;
				CODE_SIGN_STYLE = Automatic;
				CURRENT_PROJECT_VERSION = 1;
				GENERATE_INFOPLIST_FILE = YES;
				INFOPLIST_FILE = Agenda/Info.plist;
				INFOPLIST_KEY_UIApplicationSupportsIndirectInputEvents = YES;
				INFOPLIST_KEY_UILaunchStoryboardName = LaunchScreen;
				INFOPLIST_KEY_UIMainStoryboardFile = Main;
				INFOPLIST_KEY_UISupportedInterfaceOrientations_iPad = "UIInterfaceOrientationPortrait UIInterfaceOrientationPortraitUpsideDown UIInterfaceOrientationLandscapeLeft UIInterfaceOrientationLandscapeRight";
				INFOPLIST_KEY_UISupportedInterfaceOrientations_iPhone = "UIInterfaceOrientationPortrait UIInterfaceOrientationLandscapeLeft UIInterfaceOrientationLandscapeRight";
				LD_RUNPATH_SEARCH_PATHS = (
					"$(inherited)",
					"@executable_path/Frameworks",
				);
				MARKETING_VERSION = 1.0;
				PRODUCT_BUNDLE_IDENTIFIER = cev.Agenda;
				PRODUCT_NAME = "$(TARGET_NAME)";
				SWIFT_EMIT_LOC_STRINGS = YES;
				SWIFT_VERSION = 5.0;
				TARGETED_DEVICE_FAMILY = "1,2";
			};
			name = Debug;
		};
		0DABDDB4297002B900AAA69D /* Release */ = {
			isa = XCBuildConfiguration;
			buildSettings = {
				ASSETCATALOG_COMPILER_APPICON_NAME = AppIcon;
				ASSETCATALOG_COMPILER_GLOBAL_ACCENT_COLOR_NAME = AccentColor;
				CODE_SIGN_STYLE = Automatic;
				CURRENT_PROJECT_VERSION = 1;
				GENERATE_INFOPLIST_FILE = YES;
				INFOPLIST_FILE = Agenda/Info.plist;
				INFOPLIST_KEY_UIApplicationSupportsIndirectInputEvents = YES;
				INFOPLIST_KEY_UILaunchStoryboardName = LaunchScreen;
				INFOPLIST_KEY_UIMainStoryboardFile = Main;
				INFOPLIST_KEY_UISupportedInterfaceOrientations_iPad = "UIInterfaceOrientationPortrait UIInterfaceOrientationPortraitUpsideDown UIInterfaceOrientationLandscapeLeft UIInterfaceOrientationLandscapeRight";
				INFOPLIST_KEY_UISupportedInterfaceOrientations_iPhone = "UIInterfaceOrientationPortrait UIInterfaceOrientationLandscapeLeft UIInterfaceOrientationLandscapeRight";
				LD_RUNPATH_SEARCH_PATHS = (
					"$(inherited)",
					"@executable_path/Frameworks",
				);
				MARKETING_VERSION = 1.0;
				PRODUCT_BUNDLE_IDENTIFIER = cev.Agenda;
				PRODUCT_NAME = "$(TARGET_NAME)";
				SWIFT_EMIT_LOC_STRINGS = YES;
				SWIFT_VERSION = 5.0;
				TARGETED_DEVICE_FAMILY = "1,2";
			};
			name = Release;
		};
/* End XCBuildConfiguration section */

/* Begin XCConfigurationList section */
		0DABDD99297002B700AAA69D /* Build configuration list for PBXProject "Agenda" */ = {
			isa = XCConfigurationList;
			buildConfigurations = (
				0DABDDB0297002B900AAA69D /* Debug */,
				0DABDDB1297002B900AAA69D /* Release */,
			);
			defaultConfigurationIsVisible = 0;
			defaultConfigurationName = Release;
		};
		0DABDDB2297002B900AAA69D /* Build configuration list for PBXNativeTarget "Agenda" */ = {
			isa = XCConfigurationList;
			buildConfigurations = (
				0DABDDB3297002B900AAA69D /* Debug */,
				0DABDDB4297002B900AAA69D /* Release */,
			);
			defaultConfigurationIsVisible = 0;
			defaultConfigurationName = Release;
		};
/* End XCConfigurationList section */
	};
	rootObject = 0DABDD96297002B700AAA69D /* Project object */;
}
